
Microsoft Visual Studio Solution File, Format Version 12.00
# Visual Studio Version 16
VisualStudioVersion = 16.0.32228.343
MinimumVisualStudioVersion = 10.0.40219.1
Project("{FAE04EC0-301F-11D3-BF4B-00C04F79EFBC}") = "WindowsFormsApp1", "WindowsFormsApp1\WindowsFormsApp1.csproj", "{A66D5A4C-5F59-48E0-8EF6-5C3CCB135328}"
EndProject
Global
	GlobalSection(SolutionConfigurationPlatforms) = preSolution
		Debug|Any CPU = Debug|Any CPU
		Release|Any CPU = Release|Any CPU
	EndGlobalSection
	GlobalSection(ProjectConfigurationPlatforms) = postSolution
		{A66D5A4C-5F59-48E0-8EF6-5C3CCB135328}.Debug|Any CPU.ActiveCfg = Debug|Any CPU
		{A66D5A4C-5F59-48E0-8EF6-5C3CCB135328}.Debug|Any CPU.Build.0 = Debug|Any CPU
		{A66D5A4C-5F59-48E0-8EF6-5C3CCB135328}.Release|Any CPU.ActiveCfg = Release|Any CPU
		{A66D5A4C-5F59-48E0-8EF6-5C3CCB135328}.Release|Any CPU.Build.0 = Release|Any CPU
	EndGlobalSection
	GlobalSection(SolutionProperties) = preSolution
		HideSolutionNode = FALSE
	EndGlobalSection
	GlobalSection(ExtensibilityGlobals) = postSolution
		SolutionGuid = {0495F831-2D2B-4045-AB83-CB2E567604BC}
	EndGlobalSection
EndGlobal
